
Microsoft Visual Studio Solution File, Format Version 12.00
# Visual Studio Version 17
VisualStudioVersion = 17.0.32126.317
MinimumVisualStudioVersion = 10.0.40219.1
Project("{9A19103F-16F7-4668-BE54-9A1E7A4F7556}") = "IDHIStore.KKS", "IDHIStore.KKS\IDHIStore.KKS.csproj", "{DC735533-276C-41B7-A882-77210C45CFF1}"
EndProject
Global
	GlobalSection(SolutionConfigurationPlatforms) = preSolution
		Debug|Any CPU = Debug|Any CPU
		Release|Any CPU = Release|Any CPU
	EndGlobalSection
	GlobalSection(ProjectConfigurationPlatforms) = postSolution
		{DC735533-276C-41B7-A882-77210C45CFF1}.Debug|Any CPU.ActiveCfg = Debug|Any CPU
		{DC735533-276C-41B7-A882-77210C45CFF1}.Debug|Any CPU.Build.0 = Debug|Any CPU
		{DC735533-276C-41B7-A882-77210C45CFF1}.Release|Any CPU.ActiveCfg = Release|Any CPU
		{DC735533-276C-41B7-A882-77210C45CFF1}.Release|Any CPU.Build.0 = Release|Any CPU
	EndGlobalSection
	GlobalSection(SolutionProperties) = preSolution
		HideSolutionNode = FALSE
	EndGlobalSection
	GlobalSection(ExtensibilityGlobals) = postSolution
		SolutionGuid = {AEACA43F-01DC-48C9-B5B2-414215E81066}
	EndGlobalSection
EndGlobal
